
Microsoft Visual Studio Solution File, Format Version 12.00
# Visual Studio Version 17
VisualStudioVersion = 17.14.37516.0 d17.14
MinimumVisualStudioVersion = 10.0.40219.1
Project("{FAE04EC0-301F-11D3-BF4B-00C04F79EFBC}") = "DroneMapGCS", "DroneMapGCS\DroneMapGCS.csproj", "{1600F1D1-22BA-46C5-8838-75BF24B8E86B}"
	ProjectSection(ProjectDependencies) = postProject
		{DE563223-8EE3-1FB5-AEFF-4E4D0683F14C} = {DE563223-8EE3-1FB5-AEFF-4E4D0683F14C}
	EndProjectSection
EndProject
Project("{FAE04EC0-301F-11D3-BF4B-00C04F79EFBC}") = "ExcelToCode", "ExcelToCode\ExcelToCode.csproj", "{77FD3EDF-459E-CAD7-3169-5C36A6D59127}"
EndProject
Project("{FAE04EC0-301F-11D3-BF4B-00C04F79EFBC}") = "PacketUtil", "PacketUtil\PacketUtil.csproj", "{DE563223-8EE3-1FB5-AEFF-4E4D0683F14C}"
EndProject
Global
	GlobalSection(SolutionConfigurationPlatforms) = preSolution
		Debug|Any CPU = Debug|Any CPU
		Release|Any CPU = Release|Any CPU
	EndGlobalSection
	GlobalSection(ProjectConfigurationPlatforms) = postSolution
		{1600F1D1-22BA-46C5-8838-75BF24B8E86B}.Debug|Any CPU.ActiveCfg = Debug|Any CPU
		{1600F1D1-22BA-46C5-8838-75BF24B8E86B}.Debug|Any CPU.Build.0 = Debug|Any CPU
		{1600F1D1-22BA-46C5-8838-75BF24B8E86B}.Release|Any CPU.ActiveCfg = Release|Any CPU
		{1600F1D1-22BA-46C5-8838-75BF24B8E86B}.Release|Any CPU.Build.0 = Release|Any CPU
		{77FD3EDF-459E-CAD7-3169-5C36A6D59127}.Debug|Any CPU.ActiveCfg = Debug|x64
		{77FD3EDF-459E-CAD7-3169-5C36A6D59127}.Debug|Any CPU.Build.0 = Debug|x64
		{77FD3EDF-459E-CAD7-3169-5C36A6D59127}.Release|Any CPU.ActiveCfg = Release|x64
		{77FD3EDF-459E-CAD7-3169-5C36A6D59127}.Release|Any CPU.Build.0 = Release|x64
		{DE563223-8EE3-1FB5-AEFF-4E4D0683F14C}.Debug|Any CPU.ActiveCfg = Debug|x64
		{DE563223-8EE3-1FB5-AEFF-4E4D0683F14C}.Debug|Any CPU.Build.0 = Debug|x64
		{DE563223-8EE3-1FB5-AEFF-4E4D0683F14C}.Release|Any CPU.ActiveCfg = Release|x64
		{DE563223-8EE3-1FB5-AEFF-4E4D0683F14C}.Release|Any CPU.Build.0 = Release|x64
	EndGlobalSection
	GlobalSection(SolutionProperties) = preSolution
		HideSolutionNode = FALSE
	EndGlobalSection
	GlobalSection(ExtensibilityGlobals) = postSolution
		SolutionGuid = {F013AED3-82C6-42F7-882F-711948B36BAE}
	EndGlobalSection
EndGlobal
